
Microsoft Visual Studio Solution File, Format Version 12.00
# Visual Studio 15
VisualStudioVersion = 15.0.28307.1300
MinimumVisualStudioVersion = 10.0.40219.1
Project("{FAE04EC0-301F-11D3-BF4B-00C04F79EFBC}") = "AT2ArduinoProject", "AT2ArduinoProject\AT2ArduinoProject.csproj", "{F3960FE2-A804-4965-AA5A-C5DB31E314F3}"
EndProject
Project("{FAE04EC0-301F-11D3-BF4B-00C04F79EFBC}") = "UnitTestProject1", "UnitTestProject1\UnitTestProject1.csproj", "{D7FD9E31-0009-4263-AAEC-F3BE4EA3E49F}"
EndProject
Global
	GlobalSection(SolutionConfigurationPlatforms) = preSolution
		Debug|Any CPU = Debug|Any CPU
		Release|Any CPU = Release|Any CPU
	EndGlobalSection
	GlobalSection(ProjectConfigurationPlatforms) = postSolution
		{F3960FE2-A804-4965-AA5A-C5DB31E314F3}.Debug|Any CPU.ActiveCfg = Debug|Any CPU
		{F3960FE2-A804-4965-AA5A-C5DB31E314F3}.Debug|Any CPU.Build.0 = Debug|Any CPU
		{F3960FE2-A804-4965-AA5A-C5DB31E314F3}.Release|Any CPU.ActiveCfg = Release|Any CPU
		{F3960FE2-A804-4965-AA5A-C5DB31E314F3}.Release|Any CPU.Build.0 = Release|Any CPU
		{D7FD9E31-0009-4263-AAEC-F3BE4EA3E49F}.Debug|Any CPU.ActiveCfg = Debug|Any CPU
		{D7FD9E31-0009-4263-AAEC-F3BE4EA3E49F}.Debug|Any CPU.Build.0 = Debug|Any CPU
		{D7FD9E31-0009-4263-AAEC-F3BE4EA3E49F}.Release|Any CPU.ActiveCfg = Release|Any CPU
		{D7FD9E31-0009-4263-AAEC-F3BE4EA3E49F}.Release|Any CPU.Build.0 = Release|Any CPU
	EndGlobalSection
	GlobalSection(SolutionProperties) = preSolution
		HideSolutionNode = FALSE
	EndGlobalSection
	GlobalSection(ExtensibilityGlobals) = postSolution
		SolutionGuid = {740BC8F7-8112-43CA-A851-E748B883FC1E}
	EndGlobalSection
EndGlobal
